Microsoft Visual Studio Solution File, Format Version 8.00
Project("{FAE04EC0-301F-11D3-BF4B-00C04F79EFBC}") = "CreatingCrystalReports", "CreatingCrystalReports.csproj", "{EA7A87F3-5400-4049-8223-760768A073A7}"
	ProjectSection(ProjectDependencies) = postProject
	EndProjectSection
EndProject
Global
	GlobalSection(SolutionConfiguration) = preSolution
		Debug = Debug
		Release = Release
	EndGlobalSection
	GlobalSection(ProjectConfiguration) = postSolution
		{EA7A87F3-5400-4049-8223-760768A073A7}.Debug.ActiveCfg = Debug|.NET
		{EA7A87F3-5400-4049-8223-760768A073A7}.Debug.Build.0 = Debug|.NET
		{EA7A87F3-5400-4049-8223-760768A073A7}.Release.ActiveCfg = Release|.NET
		{EA7A87F3-5400-4049-8223-760768A073A7}.Release.Build.0 = Release|.NET
	EndGlobalSection
	GlobalSection(ExtensibilityGlobals) = postSolution
	EndGlobalSection
	GlobalSection(ExtensibilityAddIns) = postSolution
	EndGlobalSection
EndGlobal
